# This file is automatically @generated by Cargo.
# It is not intended for manual editing.
version = 4

[[package]]
name = "t01_mini_grep_rust"
version = "0.1.0"

[[package]]
name = "t02_key_value_store_rust"
version = "0.1.0"

[[package]]
name = "t03_http_server_router_rust"
version = "0.1.0"

[[package]]
name = "t04_json_parser_rust"
version = "0.1.0"

[[package]]
name = "t05_thread_pool_queue_rust"
version = "0.1.0"

[[package]]
name = "t06_mini_git_object_store_rust"
version = "0.1.0"

[[package]]
name = "t07_arena_allocator_rust"
version = "0.1.0"

[[package]]
name = "t08_tiny_async_executor_rust"
version = "0.1.0"

[[package]]
name = "t18_dataset_profiler_rust"
version = "0.1.0"

[[package]]
name = "t19_mini_groupby_engine_rust"
version = "0.1.0"

[[package]]
name = "t20_batch_etl_pipeline_rust"
version = "0.1.0"

[[package]]
name = "t21_parallel_log_analyzer_rust"
version = "0.1.0"

[[package]]
name = "t22_external_sort_merge_rust"
version = "0.1.0"

[[package]]
name = "t23_windowed_timeseries_analyzer_rust"
version = "0.1.0"

[[package]]
name = "t24_heavy_hitter_stream_rust"
version = "0.1.0"

[[package]]
name = "t25_mini_mapreduce_rust"
version = "0.1.0"
